// !$*UTF8*$!
{
	archiveVersion = 1;
	classes = {
	};
	objectVersion = 56;
	objects = {

/* Begin PBXBuildFile section */
		834E9B5B2A65AE4A006CBA5C /* Locality_v1_0App.swift in Sources */ = {isa = PBXBuildFile; fileRef = 834E9B5A2A65AE4A006CBA5C /* Locality_v1_0App.swift */; };
		834E9B5D2A65AE4A006CBA5C /* ContentView.swift in Sources */ = {isa = PBXBuildFile; fileRef = 834E9B5C2A65AE4A006CBA5C /* ContentView.swift */; };
		834E9B5F2A65AE4D006CBA5C /* Assets.xcassets in Resources */ = {isa = PBXBuildFile; fileRef = 834E9B5E2A65AE4D006CBA5C /* Assets.xcassets */; };
		834E9B622A65AE4D006CBA5C /* Preview Assets.xcassets in Resources */ = {isa = PBXBuildFile; fileRef = 834E9B612A65AE4D006CBA5C /* Preview Assets.xcassets */; };
		834E9B692A65D129006CBA5C /* MapView.swift in Sources */ = {isa = PBXBuildFile; fileRef = 834E9B682A65D129006CBA5C /* MapView.swift */; };
		834E9B6C2A65D173006CBA5C /* MapViewRepresentable.swift in Sources */ = {isa = PBXBuildFile; fileRef = 834E9B6B2A65D173006CBA5C /* MapViewRepresentable.swift */; };
		834E9B6F2A65D2D9006CBA5C /* LocationManager.swift in Sources */ = {isa = PBXBuildFile; fileRef = 834E9B6E2A65D2D9006CBA5C /* LocationManager.swift */; };
		834E9B712A66EB8B006CBA5C /* LocationSearchButton.swift in Sources */ = {isa = PBXBuildFile; fileRef = 834E9B702A66EB8B006CBA5C /* LocationSearchButton.swift */; };
		834E9B732A66EE73006CBA5C /* MapViewAction.swift in Sources */ = {isa = PBXBuildFile; fileRef = 834E9B722A66EE73006CBA5C /* MapViewAction.swift */; };
		834E9B752A66EF57006CBA5C /* LocationSearchView.swift in Sources */ = {isa = PBXBuildFile; fileRef = 834E9B742A66EF57006CBA5C /* LocationSearchView.swift */; };
		834E9B772A66F48E006CBA5C /* LocationSearchResultCell.swift in Sources */ = {isa = PBXBuildFile; fileRef = 834E9B762A66F48E006CBA5C /* LocationSearchResultCell.swift */; };
		834E9B7A2A686CE3006CBA5C /* LocationSearchModel.swift in Sources */ = {isa = PBXBuildFile; fileRef = 834E9B792A686CE3006CBA5C /* LocationSearchModel.swift */; };
/* End PBXBuildFile section */

/* Begin PBXFileReference section */
		834E9B572A65AE4A006CBA5C /* Locality_v1.0.app */ = {isa = PBXFileReference; explicitFileType = wrapper.application; includeInIndex = 0; path = Locality_v1.0.app; sourceTree = BUILT_PRODUCTS_DIR; };
		834E9B5A2A65AE4A006CBA5C /* Locality_v1_0App.swift */ = {isa = PBXFileReference; lastKnownFileType = sourcecode.swift; path = Locality_v1_0App.swift; sourceTree = "<group>"; };
		834E9B5C2A65AE4A006CBA5C /* ContentView.swift */ = {isa = PBXFileReference; lastKnownFileType = sourcecode.swift; path = ContentView.swift; sourceTree = "<group>"; };
		834E9B5E2A65AE4D006CBA5C /* Assets.xcassets */ = {isa = PBXFileReference; lastKnownFileType = folder.assetcatalog; path = Assets.xcassets; sourceTree = "<group>"; };
		834E9B612A65AE4D006CBA5C /* Preview Assets.xcassets */ = {isa = PBXFileReference; lastKnownFileType = folder.assetcatalog; path = "Preview Assets.xcassets"; sourceTree = "<group>"; };
		834E9B682A65D129006CBA5C /* MapView.swift */ = {isa = PBXFileReference; lastKnownFileType = sourcecode.swift; path = MapView.swift; sourceTree = "<group>"; };
		834E9B6B2A65D173006CBA5C /* MapViewRepresentable.swift */ = {isa = PBXFileReference; lastKnownFileType = sourcecode.swift; path = MapViewRepresentable.swift; sourceTree = "<group>"; };
		834E9B6E2A65D2D9006CBA5C /* LocationManager.swift */ = {isa = PBXFileReference; lastKnownFileType = sourcecode.swift; path = LocationManager.swift; sourceTree = "<group>"; };
		834E9B702A66EB8B006CBA5C /* LocationSearchButton.swift */ = {isa = PBXFileReference; lastKnownFileType = sourcecode.swift; path = LocationSearchButton.swift; sourceTree = "<group>"; };
		834E9B722A66EE73006CBA5C /* MapViewAction.swift */ = {isa = PBXFileReference; lastKnownFileType = sourcecode.swift; path = MapViewAction.swift; sourceTree = "<group>"; };
		834E9B742A66EF57006CBA5C /* LocationSearchView.swift */ = {isa = PBXFileReference; lastKnownFileType = sourcecode.swift; path = LocationSearchView.swift; sourceTree = "<group>"; };
		834E9B762A66F48E006CBA5C /* LocationSearchResultCell.swift */ = {isa = PBXFileReference; lastKnownFileType = sourcecode.swift; path = LocationSearchResultCell.swift; sourceTree = "<group>"; };
		834E9B792A686CE3006CBA5C /* LocationSearchModel.swift */ = {isa = PBXFileReference; lastKnownFileType = sourcecode.swift; path = LocationSearchModel.swift; sourceTree = "<group>"; };
/* End PBXFileReference section */

/* Begin PBXFrameworksBuildPhase section */
		834E9B542A65AE4A006CBA5C /* Frameworks */ = {
			isa = PBXFrameworksBuildPhase;
			buildActionMask = 2147483647;
			files = (
			);
			runOnlyForDeploymentPostprocessing = 0;
		};
/* End PBXFrameworksBuildPhase section */

/* Begin PBXGroup section */
		834E9B4E2A65AE4A006CBA5C = {
			isa = PBXGroup;
			children = (
				834E9B592A65AE4A006CBA5C /* Locality_v1.0 */,
				834E9B582A65AE4A006CBA5C /* Products */,
			);
			sourceTree = "<group>";
		};
		834E9B582A65AE4A006CBA5C /* Products */ = {
			isa = PBXGroup;
			children = (
				834E9B572A65AE4A006CBA5C /* Locality_v1.0.app */,
			);
			name = Products;
			sourceTree = "<group>";
		};
		834E9B592A65AE4A006CBA5C /* Locality_v1.0 */ = {
			isa = PBXGroup;
			children = (
				834E9B5A2A65AE4A006CBA5C /* Locality_v1_0App.swift */,
				834E9B782A686CD8006CBA5C /* Model */,
				834E9B6D2A65D286006CBA5C /* Views */,
				834E9B6A2A65D164006CBA5C /* Extensions */,
				834E9B5E2A65AE4D006CBA5C /* Assets.xcassets */,
				834E9B602A65AE4D006CBA5C /* Preview Content */,
			);
			path = Locality_v1.0;
			sourceTree = "<group>";
		};
		834E9B602A65AE4D006CBA5C /* Preview Content */ = {
			isa = PBXGroup;
			children = (
				834E9B612A65AE4D006CBA5C /* Preview Assets.xcassets */,
			);
			path = "Preview Content";
			sourceTree = "<group>";
		};
		834E9B6A2A65D164006CBA5C /* Extensions */ = {
			isa = PBXGroup;
			children = (
				834E9B6B2A65D173006CBA5C /* MapViewRepresentable.swift */,
				834E9B6E2A65D2D9006CBA5C /* LocationManager.swift */,
				834E9B702A66EB8B006CBA5C /* LocationSearchButton.swift */,
			);
			path = Extensions;
			sourceTree = "<group>";
		};
		834E9B6D2A65D286006CBA5C /* Views */ = {
			isa = PBXGroup;
			children = (
				834E9B682A65D129006CBA5C /* MapView.swift */,
				834E9B5C2A65AE4A006CBA5C /* ContentView.swift */,
				834E9B722A66EE73006CBA5C /* MapViewAction.swift */,
				834E9B742A66EF57006CBA5C /* LocationSearchView.swift */,
				834E9B762A66F48E006CBA5C /* LocationSearchResultCell.swift */,
			);
			path = Views;
			sourceTree = "<group>";
		};
		834E9B782A686CD8006CBA5C /* Model */ = {
			isa = PBXGroup;
			children = (
				834E9B792A686CE3006CBA5C /* LocationSearchModel.swift */,
			);
			path = Model;
			sourceTree = "<group>";
		};
/* End PBXGroup section */

/* Begin PBXNativeTarget section */
		834E9B562A65AE4A006CBA5C /* Locality_v1.0 */ = {
			isa = PBXNativeTarget;
			buildConfigurationList = 834E9B652A65AE4D006CBA5C /* Build configuration list for PBXNativeTarget "Locality_v1.0" */;
			buildPhases = (
				834E9B532A65AE4A006CBA5C /* Sources */,
				834E9B542A65AE4A006CBA5C /* Frameworks */,
				834E9B552A65AE4A006CBA5C /* Resources */,
			);
			buildRules = (
			);
			dependencies = (
			);
			name = Locality_v1.0;
			productName = Locality_v1.0;
			productReference = 834E9B572A65AE4A006CBA5C /* Locality_v1.0.app */;
			productType = "com.apple.product-type.application";
		};
/* End PBXNativeTarget section */

/* Begin PBXProject section */
		834E9B4F2A65AE4A006CBA5C /* Project object */ = {
			isa = PBXProject;
			attributes = {
				BuildIndependentTargetsInParallel = 1;
				LastSwiftUpdateCheck = 1500;
				LastUpgradeCheck = 1500;
				TargetAttributes = {
					834E9B562A65AE4A006CBA5C = {
						CreatedOnToolsVersion = 15.0;
					};
				};
			};
			buildConfigurationList = 834E9B522A65AE4A006CBA5C /* Build configuration list for PBXProject "Locality_v1.0" */;
			compatibilityVersion = "Xcode 14.0";
			developmentRegion = en;
			hasScannedForEncodings = 0;
			knownRegions = (
				en,
				Base,
			);
			mainGroup = 834E9B4E2A65AE4A006CBA5C;
			productRefGroup = 834E9B582A65AE4A006CBA5C /* Products */;
			projectDirPath = "";
			projectRoot = "";
			targets = (
				834E9B562A65AE4A006CBA5C /* Locality_v1.0 */,
			);
		};
/* End PBXProject section */

/* Begin PBXResourcesBuildPhase section */
		834E9B552A65AE4A006CBA5C /* Resources */ = {
			isa = PBXResourcesBuildPhase;
			buildActionMask = 2147483647;
			files = (
				834E9B622A65AE4D006CBA5C /* Preview Assets.xcassets in Resources */,
				834E9B5F2A65AE4D006CBA5C /* Assets.xcassets in Resources */,
			);
			runOnlyForDeploymentPostprocessing = 0;
		};
/* End PBXResourcesBuildPhase section */

/* Begin PBXSourcesBuildPhase section */
		834E9B532A65AE4A006CBA5C /* Sources */ = {
			isa = PBXSourcesBuildPhase;
			buildActionMask = 2147483647;
			files = (
				834E9B6C2A65D173006CBA5C /* MapViewRepresentable.swift in Sources */,
				834E9B5D2A65AE4A006CBA5C /* ContentView.swift in Sources */,
				834E9B732A66EE73006CBA5C /* MapViewAction.swift in Sources */,
				834E9B6F2A65D2D9006CBA5C /* LocationManager.swift in Sources */,
				834E9B7A2A686CE3006CBA5C /* LocationSearchModel.swift in Sources */,
				834E9B692A65D129006CBA5C /* MapView.swift in Sources */,
				834E9B752A66EF57006CBA5C /* LocationSearchView.swift in Sources */,
				834E9B772A66F48E006CBA5C /* LocationSearchResultCell.swift in Sources */,
				834E9B712A66EB8B006CBA5C /* LocationSearchButton.swift in Sources */,
				834E9B5B2A65AE4A006CBA5C /* Locality_v1_0App.swift in Sources */,
			);
			runOnlyForDeploymentPostprocessing = 0;
		};
/* End PBXSourcesBuildPhase section */

/* Begin XCBuildConfiguration section */
		834E9B632A65AE4D006CBA5C /* Debug */ = {
			isa = XCBuildConfiguration;
			buildSettings = {
				ALWAYS_SEARCH_USER_PATHS = NO;
				ASSETCATALOG_COMPILER_GENERATE_SWIFT_ASSET_SYMBOL_EXTENSIONS = YES;
				CLANG_ANALYZER_NONNULL = YES;
				CLANG_ANALYZER_NUMBER_OBJECT_CONVERSION = YES_AGGRESSIVE;
				CLANG_CXX_LANGUAGE_STANDARD = "gnu++20";
				CLANG_ENABLE_MODULES = YES;
				CLANG_ENABLE_OBJC_ARC = YES;
				CLANG_ENABLE_OBJC_WEAK = YES;
				CLANG_WARN_BLOCK_CAPTURE_AUTORELEASING = YES;
				CLANG_WARN_BOOL_CONVERSION = YES;
				CLANG_WARN_COMMA = YES;
				CLANG_WARN_CONSTANT_CONVERSION = YES;
				CLANG_WARN_DEPRECATED_OBJC_IMPLEMENTATIONS = YES;
				CLANG_WARN_DIRECT_OBJC_ISA_USAGE = YES_ERROR;
				CLANG_WARN_DOCUMENTATION_COMMENTS = YES;
				CLANG_WARN_EMPTY_BODY = YES;
				CLANG_WARN_ENUM_CONVERSION = YES;
				CLANG_WARN_INFINITE_RECURSION = YES;
				CLANG_WARN_INT_CONVERSION = YES;
				CLANG_WARN_NON_LITERAL_NULL_CONVERSION = YES;
				CLANG_WARN_OBJC_IMPLICIT_RETAIN_SELF = YES;
				CLANG_WARN_OBJC_LITERAL_CONVERSION = YES;
				CLANG_WARN_OBJC_ROOT_CLASS = YES_ERROR;
				CLANG_WARN_QUOTED_INCLUDE_IN_FRAMEWORK_HEADER = YES;
				CLANG_WARN_RANGE_LOOP_ANALYSIS = YES;
				CLANG_WARN_STRICT_PROTOTYPES = YES;
				CLANG_WARN_SUSPICIOUS_MOVE = YES;
				CLANG_WARN_UNGUARDED_AVAILABILITY = YES_AGGRESSIVE;
				CLANG_WARN_UNREACHABLE_CODE = YES;
				CLANG_WARN__DUPLICATE_METHOD_MATCH = YES;
				COPY_PHASE_STRIP = NO;
				DEBUG_INFORMATION_FORMAT = dwarf;
				ENABLE_STRICT_OBJC_MSGSEND = YES;
				ENABLE_TESTABILITY = YES;
				ENABLE_USER_SCRIPT_SANDBOXING = YES;
				GCC_C_LANGUAGE_STANDARD = gnu17;
				GCC_DYNAMIC_NO_PIC = NO;
				GCC_NO_COMMON_BLOCKS = YES;
				GCC_OPTIMIZATION_LEVEL = 0;
				GCC_PREPROCESSOR_DEFINITIONS = (
					"DEBUG=1",
					"$(inherited)",
				);
				GCC_WARN_64_TO_32_BIT_CONVERSION = YES;
				GCC_WARN_ABOUT_RETURN_TYPE = YES_ERROR;
				GCC_WARN_UNDECLARED_SELECTOR = YES;
				GCC_WARN_UNINITIALIZED_AUTOS = YES_AGGRESSIVE;
				GCC_WARN_UNUSED_FUNCTION = YES;
				GCC_WARN_UNUSED_VARIABLE = YES;
				IPHONEOS_DEPLOYMENT_TARGET = 17.0;
				LOCALIZATION_PREFERS_STRING_CATALOGS = YES;
				MTL_ENABLE_DEBUG_INFO = INCLUDE_SOURCE;
				MTL_FAST_MATH = YES;
				ONLY_ACTIVE_ARCH = YES;
				SDKROOT = iphoneos;
				SWIFT_ACTIVE_COMPILATION_CONDITIONS = "DEBUG $(inherited)";
				SWIFT_OPTIMIZATION_LEVEL = "-Onone";
			};
			name = Debug;
		};
		834E9B642A65AE4D006CBA5C /* Release */ = {
			isa = XCBuildConfiguration;
			buildSettings = {
				ALWAYS_SEARCH_USER_PATHS = NO;
				ASSETCATALOG_COMPILER_GENERATE_SWIFT_ASSET_SYMBOL_EXTENSIONS = YES;
				CLANG_ANALYZER_NONNULL = YES;
				CLANG_ANALYZER_NUMBER_OBJECT_CONVERSION = YES_AGGRESSIVE;
				CLANG_CXX_LANGUAGE_STANDARD = "gnu++20";
				CLANG_ENABLE_MODULES = YES;
				CLANG_ENABLE_OBJC_ARC = YES;
				CLANG_ENABLE_OBJC_WEAK = YES;
				CLANG_WARN_BLOCK_CAPTURE_AUTORELEASING = YES;
				CLANG_WARN_BOOL_CONVERSION = YES;
				CLANG_WARN_COMMA = YES;
				CLANG_WARN_CONSTANT_CONVERSION = YES;
				CLANG_WARN_DEPRECATED_OBJC_IMPLEMENTATIONS = YES;
				CLANG_WARN_DIRECT_OBJC_ISA_USAGE = YES_ERROR;
				CLANG_WARN_DOCUMENTATION_COMMENTS = YES;
				CLANG_WARN_EMPTY_BODY = YES;
				CLANG_WARN_ENUM_CONVERSION = YES;
				CLANG_WARN_INFINITE_RECURSION = YES;
				CLANG_WARN_INT_CONVERSION = YES;
				CLANG_WARN_NON_LITERAL_NULL_CONVERSION = YES;
				CLANG_WARN_OBJC_IMPLICIT_RETAIN_SELF = YES;
				CLANG_WARN_OBJC_LITERAL_CONVERSION = YES;
				CLANG_WARN_OBJC_ROOT_CLASS = YES_ERROR;
				CLANG_WARN_QUOTED_INCLUDE_IN_FRAMEWORK_HEADER = YES;
				CLANG_WARN_RANGE_LOOP_ANALYSIS = YES;
				CLANG_WARN_STRICT_PROTOTYPES = YES;
				CLANG_WARN_SUSPICIOUS_MOVE = YES;
				CLANG_WARN_UNGUARDED_AVAILABILITY = YES_AGGRESSIVE;
				CLANG_WARN_UNREACHABLE_CODE = YES;
				CLANG_WARN__DUPLICATE_METHOD_MATCH = YES;
				COPY_PHASE_STRIP = NO;
				DEBUG_INFORMATION_FORMAT = "dwarf-with-dsym";
				ENABLE_NS_ASSERTIONS = NO;
				ENABLE_STRICT_OBJC_MSGSEND = YES;
				ENABLE_USER_SCRIPT_SANDBOXING = YES;
				GCC_C_LANGUAGE_STANDARD = gnu17;
				GCC_NO_COMMON_BLOCKS = YES;
				GCC_WARN_64_TO_32_BIT_CONVERSION = YES;
				GCC_WARN_ABOUT_RETURN_TYPE = YES_ERROR;
				GCC_WARN_UNDECLARED_SELECTOR = YES;
				GCC_WARN_UNINITIALIZED_AUTOS = YES_AGGRESSIVE;
				GCC_WARN_UNUSED_FUNCTION = YES;
				GCC_WARN_UNUSED_VARIABLE = YES;
				IPHONEOS_DEPLOYMENT_TARGET = 17.0;
				LOCALIZATION_PREFERS_STRING_CATALOGS = YES;
				MTL_ENABLE_DEBUG_INFO = NO;
				MTL_FAST_MATH = YES;
				SDKROOT = iphoneos;
				SWIFT_COMPILATION_MODE = wholemodule;
				VALIDATE_PRODUCT = YES;
			};
			name = Release;
		};
		834E9B662A65AE4D006CBA5C /* Debug */ = {
			isa = XCBuildConfiguration;
			buildSettings = {
				ASSETCATALOG_COMPILER_APPICON_NAME = AppIcon;
				ASSETCATALOG_COMPILER_GLOBAL_ACCENT_COLOR_NAME = AccentColor;
				CODE_SIGN_STYLE = Automatic;
				CURRENT_PROJECT_VERSION = 1;
				DEVELOPMENT_ASSET_PATHS = "\"Locality_v1.0/Preview Content\"";
				DEVELOPMENT_TEAM = ZF9S7JKBPL;
				ENABLE_PREVIEWS = YES;
				GENERATE_INFOPLIST_FILE = YES;
				INFOPLIST_KEY_NSLocationWhenInUseUsageDescription = "Allow location to start Maps";
				INFOPLIST_KEY_UIApplicationSceneManifest_Generation = YES;
				INFOPLIST_KEY_UIApplicationSupportsIndirectInputEvents = YES;
				INFOPLIST_KEY_UILaunchScreen_Generation = YES;
				INFOPLIST_KEY_UISupportedInterfaceOrientations_iPad = "UIInterfaceOrientationPortrait UIInterfaceOrientationPortraitUpsideDown UIInterfaceOrientationLandscapeLeft UIInterfaceOrientationLandscapeRight";
				INFOPLIST_KEY_UISupportedInterfaceOrientations_iPhone = "UIInterfaceOrientationPortrait UIInterfaceOrientationLandscapeLeft UIInterfaceOrientationLandscapeRight";
				LD_RUNPATH_SEARCH_PATHS = (
					"$(inherited)",
					"@executable_path/Frameworks",
				);
				MARKETING_VERSION = 1.0;
				PRODUCT_BUNDLE_IDENTIFIER = "com.aussiebros.Locality-v1-0";
				PRODUCT_NAME = "$(TARGET_NAME)";
				SWIFT_EMIT_LOC_STRINGS = YES;
				SWIFT_VERSION = 5.0;
				TARGETED_DEVICE_FAMILY = "1,2";
			};
			name = Debug;
		};
		834E9B672A65AE4D006CBA5C /* Release */ = {
			isa = XCBuildConfiguration;
			buildSettings = {
				ASSETCATALOG_COMPILER_APPICON_NAME = AppIcon;
				ASSETCATALOG_COMPILER_GLOBAL_ACCENT_COLOR_NAME = AccentColor;
				CODE_SIGN_STYLE = Automatic;
				CURRENT_PROJECT_VERSION = 1;
				DEVELOPMENT_ASSET_PATHS = "\"Locality_v1.0/Preview Content\"";
				DEVELOPMENT_TEAM = ZF9S7JKBPL;
				ENABLE_PREVIEWS = YES;
				GENERATE_INFOPLIST_FILE = YES;
				INFOPLIST_KEY_NSLocationWhenInUseUsageDescription = "Allow location to start Maps";
				INFOPLIST_KEY_UIApplicationSceneManifest_Generation = YES;
				INFOPLIST_KEY_UIApplicationSupportsIndirectInputEvents = YES;
				INFOPLIST_KEY_UILaunchScreen_Generation = YES;
				INFOPLIST_KEY_UISupportedInterfaceOrientations_iPad = "UIInterfaceOrientationPortrait UIInterfaceOrientationPortraitUpsideDown UIInterfaceOrientationLandscapeLeft UIInterfaceOrientationLandscapeRight";
				INFOPLIST_KEY_UISupportedInterfaceOrientations_iPhone = "UIInterfaceOrientationPortrait UIInterfaceOrientationLandscapeLeft UIInterfaceOrientationLandscapeRight";
				LD_RUNPATH_SEARCH_PATHS = (
					"$(inherited)",
					"@executable_path/Frameworks",
				);
				MARKETING_VERSION = 1.0;
				PRODUCT_BUNDLE_IDENTIFIER = "com.aussiebros.Locality-v1-0";
				PRODUCT_NAME = "$(TARGET_NAME)";
				SWIFT_EMIT_LOC_STRINGS = YES;
				SWIFT_VERSION = 5.0;
				TARGETED_DEVICE_FAMILY = "1,2";
			};
			name = Release;
		};
/* End XCBuildConfiguration section */

/* Begin XCConfigurationList section */
		834E9B522A65AE4A006CBA5C /* Build configuration list for PBXProject "Locality_v1.0" */ = {
			isa = XCConfigurationList;
			buildConfigurations = (
				834E9B632A65AE4D006CBA5C /* Debug */,
				834E9B642A65AE4D006CBA5C /* Release */,
			);
			defaultConfigurationIsVisible = 0;
			defaultConfigurationName = Release;
		};
		834E9B652A65AE4D006CBA5C /* Build configuration list for PBXNativeTarget "Locality_v1.0" */ = {
			isa = XCConfigurationList;
			buildConfigurations = (
				834E9B662A65AE4D006CBA5C /* Debug */,
				834E9B672A65AE4D006CBA5C /* Release */,
			);
			defaultConfigurationIsVisible = 0;
			defaultConfigurationName = Release;
		};
/* End XCConfigurationList section */
	};
	rootObject = 834E9B4F2A65AE4A006CBA5C /* Project object */;
}
